// !$*UTF8*$!
{
	archiveVersion = 1;
	classes = {
	};
	objectVersion = 46;
	objects = {

/* Begin PBXBuildFile section */
		FB6692251E84A47800E4327E /* AppDelegate.swift in Sources */ = {isa = PBXBuildFile; fileRef = FB6692241E84A47800E4327E /* AppDelegate.swift */; };
		FB6692271E84A47800E4327E /* ViewController.swift in Sources */ = {isa = PBXBuildFile; fileRef = FB6692261E84A47800E4327E /* ViewController.swift */; };
		FB66922A1E84A47800E4327E /* Main.storyboard in Resources */ = {isa = PBXBuildFile; fileRef = FB6692281E84A47800E4327E /* Main.storyboard */; };
		FB66922C1E84A47800E4327E /* Assets.xcassets in Resources */ = {isa = PBXBuildFile; fileRef = FB66922B1E84A47800E4327E /* Assets.xcassets */; };
		FB66922F1E84A47800E4327E /* LaunchScreen.storyboard in Resources */ = {isa = PBXBuildFile; fileRef = FB66922D1E84A47800E4327E /* LaunchScreen.storyboard */; };
		FB66923C1E84A8A000E4327E /* PublicacionCelda.swift in Sources */ = {isa = PBXBuildFile; fileRef = FB66923B1E84A8A000E4327E /* PublicacionCelda.swift */; };
		FB66923E1E84A9FB00E4327E /* publicacion.swift in Sources */ = {isa = PBXBuildFile; fileRef = FB66923D1E84A9FB00E4327E /* publicacion.swift */; };
/* End PBXBuildFile section */

/* Begin PBXFileReference section */
		FB6692211E84A47800E4327E /* WebServices in iOS.app */ = {isa = PBXFileReference; explicitFileType = wrapper.application; includeInIndex = 0; path = "WebServices in iOS.app"; sourceTree = BUILT_PRODUCTS_DIR; };
		FB6692241E84A47800E4327E /* AppDelegate.swift */ = {isa = PBXFileReference; lastKnownFileType = sourcecode.swift; path = AppDelegate.swift; sourceTree = "<group>"; };
		FB6692261E84A47800E4327E /* ViewController.swift */ = {isa = PBXFileReference; lastKnownFileType = sourcecode.swift; path = ViewController.swift; sourceTree = "<group>"; };
		FB6692291E84A47800E4327E /* Base */ = {isa = PBXFileReference; lastKnownFileType = file.storyboard; name = Base; path = Base.lproj/Main.storyboard; sourceTree = "<group>"; };
		FB66922B1E84A47800E4327E /* Assets.xcassets */ = {isa = PBXFileReference; lastKnownFileType = folder.assetcatalog; path = Assets.xcassets; sourceTree = "<group>"; };
		FB66922E1E84A47800E4327E /* Base */ = {isa = PBXFileReference; lastKnownFileType = file.storyboard; name = Base; path = Base.lproj/LaunchScreen.storyboard; sourceTree = "<group>"; };
		FB6692301E84A47800E4327E /* Info.plist */ = {isa = PBXFileReference; lastKnownFileType = text.plist.xml; path = Info.plist; sourceTree = "<group>"; };
		FB66923B1E84A8A000E4327E /* PublicacionCelda.swift */ = {isa = PBXFileReference; fileEncoding = 4; lastKnownFileType = sourcecode.swift; path = PublicacionCelda.swift; sourceTree = "<group>"; };
		FB66923D1E84A9FB00E4327E /* publicacion.swift */ = {isa = PBXFileReference; fileEncoding = 4; lastKnownFileType = sourcecode.swift; path = publicacion.swift; sourceTree = "<group>"; };
/* End PBXFileReference section */

/* Begin PBXFrameworksBuildPhase section */
		FB66921E1E84A47800E4327E /* Frameworks */ = {
			isa = PBXFrameworksBuildPhase;
			buildActionMask = 2147483647;
			files = (
			);
			runOnlyForDeploymentPostprocessing = 0;
		};
/* End PBXFrameworksBuildPhase section */

/* Begin PBXGroup section */
		FB6692181E84A47700E4327E = {
			isa = PBXGroup;
			children = (
				FB6692231E84A47800E4327E /* WebServices in iOS */,
				FB6692221E84A47800E4327E /* Products */,
			);
			sourceTree = "<group>";
		};
		FB6692221E84A47800E4327E /* Products */ = {
			isa = PBXGroup;
			children = (
				FB6692211E84A47800E4327E /* WebServices in iOS.app */,
			);
			name = Products;
			sourceTree = "<group>";
		};
		FB6692231E84A47800E4327E /* WebServices in iOS */ = {
			isa = PBXGroup;
			children = (
				FB66923A1E84A84400E4327E /* celdas */,
				FB6692391E84A7E800E4327E /* vistas */,
				FB6692381E84A7D700E4327E /* controladores */,
				FB6692371E84A79200E4327E /* consumo web */,
				FB6692361E84A76100E4327E /* entidades */,
				FB6692241E84A47800E4327E /* AppDelegate.swift */,
				FB66922B1E84A47800E4327E /* Assets.xcassets */,
				FB6692301E84A47800E4327E /* Info.plist */,
			);
			path = "WebServices in iOS";
			sourceTree = "<group>";
		};
		FB6692361E84A76100E4327E /* entidades */ = {
			isa = PBXGroup;
			children = (
				FB66923D1E84A9FB00E4327E /* publicacion.swift */,
			);
			name = entidades;
			sourceTree = "<group>";
		};
		FB6692371E84A79200E4327E /* consumo web */ = {
			isa = PBXGroup;
			children = (
			);
			name = "consumo web";
			sourceTree = "<group>";
		};
		FB6692381E84A7D700E4327E /* controladores */ = {
			isa = PBXGroup;
			children = (
				FB6692261E84A47800E4327E /* ViewController.swift */,
			);
			name = controladores;
			sourceTree = "<group>";
		};
		FB6692391E84A7E800E4327E /* vistas */ = {
			isa = PBXGroup;
			children = (
				FB66922D1E84A47800E4327E /* LaunchScreen.storyboard */,
				FB6692281E84A47800E4327E /* Main.storyboard */,
			);
			name = vistas;
			sourceTree = "<group>";
		};
		FB66923A1E84A84400E4327E /* celdas */ = {
			isa = PBXGroup;
			children = (
				FB66923B1E84A8A000E4327E /* PublicacionCelda.swift */,
			);
			name = celdas;
			sourceTree = "<group>";
		};
/* End PBXGroup section */

/* Begin PBXNativeTarget section */
		FB6692201E84A47800E4327E /* WebServices in iOS */ = {
			isa = PBXNativeTarget;
			buildConfigurationList = FB6692331E84A47800E4327E /* Build configuration list for PBXNativeTarget "WebServices in iOS" */;
			buildPhases = (
				FB66921D1E84A47800E4327E /* Sources */,
				FB66921E1E84A47800E4327E /* Frameworks */,
				FB66921F1E84A47800E4327E /* Resources */,
			);
			buildRules = (
			);
			dependencies = (
			);
			name = "WebServices in iOS";
			productName = "WebServices in iOS";
			productReference = FB6692211E84A47800E4327E /* WebServices in iOS.app */;
			productType = "com.apple.product-type.application";
		};
/* End PBXNativeTarget section */

/* Begin PBXProject section */
		FB6692191E84A47700E4327E /* Project object */ = {
			isa = PBXProject;
			attributes = {
				LastSwiftUpdateCheck = 0800;
				LastUpgradeCheck = 0800;
				ORGANIZATIONNAME = "Jorge Luis Limo";
				TargetAttributes = {
					FB6692201E84A47800E4327E = {
						CreatedOnToolsVersion = 8.0;
						DevelopmentTeam = P9PVR449G4;
						ProvisioningStyle = Automatic;
					};
				};
			};
			buildConfigurationList = FB66921C1E84A47700E4327E /* Build configuration list for PBXProject "WebServices in iOS" */;
			compatibilityVersion = "Xcode 3.2";
			developmentRegion = English;
			hasScannedForEncodings = 0;
			knownRegions = (
				en,
				Base,
			);
			mainGroup = FB6692181E84A47700E4327E;
			productRefGroup = FB6692221E84A47800E4327E /* Products */;
			projectDirPath = "";
			projectRoot = "";
			targets = (
				FB6692201E84A47800E4327E /* WebServices in iOS */,
			);
		};
/* End PBXProject section */

/* Begin PBXResourcesBuildPhase section */
		FB66921F1E84A47800E4327E /* Resources */ = {
			isa = PBXResourcesBuildPhase;
			buildActionMask = 2147483647;
			files = (
				FB66922F1E84A47800E4327E /* LaunchScreen.storyboard in Resources */,
				FB66922C1E84A47800E4327E /* Assets.xcassets in Resources */,
				FB66922A1E84A47800E4327E /* Main.storyboard in Resources */,
			);
			runOnlyForDeploymentPostprocessing = 0;
		};
/* End PBXResourcesBuildPhase section */

/* Begin PBXSourcesBuildPhase section */
		FB66921D1E84A47800E4327E /* Sources */ = {
			isa = PBXSourcesBuildPhase;
			buildActionMask = 2147483647;
			files = (
				FB6692271E84A47800E4327E /* ViewController.swift in Sources */,
				FB66923E1E84A9FB00E4327E /* publicacion.swift in Sources */,
				FB66923C1E84A8A000E4327E /* PublicacionCelda.swift in Sources */,
				FB6692251E84A47800E4327E /* AppDelegate.swift in Sources */,
			);
			runOnlyForDeploymentPostprocessing = 0;
		};
/* End PBXSourcesBuildPhase section */

/* Begin PBXVariantGroup section */
		FB6692281E84A47800E4327E /* Main.storyboard */ = {
			isa = PBXVariantGroup;
			children = (
				FB6692291E84A47800E4327E /* Base */,
			);
			name = Main.storyboard;
			sourceTree = "<group>";
		};
		FB66922D1E84A47800E4327E /* LaunchScreen.storyboard */ = {
			isa = PBXVariantGroup;
			children = (
				FB66922E1E84A47800E4327E /* Base */,
			);
			name = LaunchScreen.storyboard;
			sourceTree = "<group>";
		};
/* End PBXVariantGroup section */

/* Begin XCBuildConfiguration section */
		FB6692311E84A47800E4327E /* Debug */ = {
			isa = XCBuildConfiguration;
			buildSettings = {
				ALWAYS_SEARCH_USER_PATHS = NO;
				CLANG_ANALYZER_NONNULL = YES;
				CLANG_CXX_LANGUAGE_STANDARD = "gnu++0x";
				CLANG_CXX_LIBRARY = "libc++";
				CLANG_ENABLE_MODULES = YES;
				CLANG_ENABLE_OBJC_ARC = YES;
				CLANG_WARN_BOOL_CONVERSION = YES;
				CLANG_WARN_CONSTANT_CONVERSION = YES;
				CLANG_WARN_DIRECT_OBJC_ISA_USAGE = YES_ERROR;
				CLANG_WARN_DOCUMENTATION_COMMENTS = YES;
				CLANG_WARN_EMPTY_BODY = YES;
				CLANG_WARN_ENUM_CONVERSION = YES;
				CLANG_WARN_INFINITE_RECURSION = YES;
				CLANG_WARN_INT_CONVERSION = YES;
				CLANG_WARN_OBJC_ROOT_CLASS = YES_ERROR;
				CLANG_WARN_SUSPICIOUS_MOVES = YES;
				CLANG_WARN_UNREACHABLE_CODE = YES;
				CLANG_WARN__DUPLICATE_METHOD_MATCH = YES;
				"CODE_SIGN_IDENTITY[sdk=iphoneos*]" = "iPhone Developer";
				COPY_PHASE_STRIP = NO;
				DEBUG_INFORMATION_FORMAT = dwarf;
				ENABLE_STRICT_OBJC_MSGSEND = YES;
				ENABLE_TESTABILITY = YES;
				GCC_C_LANGUAGE_STANDARD = gnu99;
				GCC_DYNAMIC_NO_PIC = NO;
				GCC_NO_COMMON_BLOCKS = YES;
				GCC_OPTIMIZATION_LEVEL = 0;
				GCC_PREPROCESSOR_DEFINITIONS = (
					"DEBUG=1",
					"$(inherited)",
				);
				GCC_WARN_64_TO_32_BIT_CONVERSION = YES;
				GCC_WARN_ABOUT_RETURN_TYPE = YES_ERROR;
				GCC_WARN_UNDECLARED_SELECTOR = YES;
				GCC_WARN_UNINITIALIZED_AUTOS = YES_AGGRESSIVE;
				GCC_WARN_UNUSED_FUNCTION = YES;
				GCC_WARN_UNUSED_VARIABLE = YES;
				IPHONEOS_DEPLOYMENT_TARGET = 10.0;
				MTL_ENABLE_DEBUG_INFO = YES;
				ONLY_ACTIVE_ARCH = YES;
				SDKROOT = iphoneos;
				SWIFT_ACTIVE_COMPILATION_CONDITIONS = DEBUG;
				SWIFT_OPTIMIZATION_LEVEL = "-Onone";
				TARGETED_DEVICE_FAMILY = "1,2";
			};
			name = Debug;
		};
		FB6692321E84A47800E4327E /* Release */ = {
			isa = XCBuildConfiguration;
			buildSettings = {
				ALWAYS_SEARCH_USER_PATHS = NO;
				CLANG_ANALYZER_NONNULL = YES;
				CLANG_CXX_LANGUAGE_STANDARD = "gnu++0x";
				CLANG_CXX_LIBRARY = "libc++";
				CLANG_ENABLE_MODULES = YES;
				CLANG_ENABLE_OBJC_ARC = YES;
				CLANG_WARN_BOOL_CONVERSION = YES;
				CLANG_WARN_CONSTANT_CONVERSION = YES;
				CLANG_WARN_DIRECT_OBJC_ISA_USAGE = YES_ERROR;
				CLANG_WARN_DOCUMENTATION_COMMENTS = YES;
				CLANG_WARN_EMPTY_BODY = YES;
				CLANG_WARN_ENUM_CONVERSION = YES;
				CLANG_WARN_INFINITE_RECURSION = YES;
				CLANG_WARN_INT_CONVERSION = YES;
				CLANG_WARN_OBJC_ROOT_CLASS = YES_ERROR;
				CLANG_WARN_SUSPICIOUS_MOVES = YES;
				CLANG_WARN_UNREACHABLE_CODE = YES;
				CLANG_WARN__DUPLICATE_METHOD_MATCH = YES;
				"CODE_SIGN_IDENTITY[sdk=iphoneos*]" = "iPhone Developer";
				COPY_PHASE_STRIP = NO;
				DEBUG_INFORMATION_FORMAT = "dwarf-with-dsym";
				ENABLE_NS_ASSERTIONS = NO;
				ENABLE_STRICT_OBJC_MSGSEND = YES;
				GCC_C_LANGUAGE_STANDARD = gnu99;
				GCC_NO_COMMON_BLOCKS = YES;
				GCC_WARN_64_TO_32_BIT_CONVERSION = YES;
				GCC_WARN_ABOUT_RETURN_TYPE = YES_ERROR;
				GCC_WARN_UNDECLARED_SELECTOR = YES;
				GCC_WARN_UNINITIALIZED_AUTOS = YES_AGGRESSIVE;
				GCC_WARN_UNUSED_FUNCTION = YES;
				GCC_WARN_UNUSED_VARIABLE = YES;
				IPHONEOS_DEPLOYMENT_TARGET = 10.0;
				MTL_ENABLE_DEBUG_INFO = NO;
				SDKROOT = iphoneos;
				SWIFT_OPTIMIZATION_LEVEL = "-Owholemodule";
				TARGETED_DEVICE_FAMILY = "1,2";
				VALIDATE_PRODUCT = YES;
			};
			name = Release;
		};
		FB6692341E84A47800E4327E /* Debug */ = {
			isa = XCBuildConfiguration;
			buildSettings = {
				ASSETCATALOG_COMPILER_APPICON_NAME = AppIcon;
				DEVELOPMENT_TEAM = P9PVR449G4;
				INFOPLIST_FILE = "WebServices in iOS/Info.plist";
				LD_RUNPATH_SEARCH_PATHS = "$(inherited) @executable_path/Frameworks";
				PRODUCT_BUNDLE_IDENTIFIER = "pe.ourlimm.WebServices-in-iOS";
				PRODUCT_NAME = "$(TARGET_NAME)";
				SWIFT_VERSION = 3.0;
			};
			name = Debug;
		};
		FB6692351E84A47800E4327E /* Release */ = {
			isa = XCBuildConfiguration;
			buildSettings = {
				ASSETCATALOG_COMPILER_APPICON_NAME = AppIcon;
				DEVELOPMENT_TEAM = P9PVR449G4;
				INFOPLIST_FILE = "WebServices in iOS/Info.plist";
				LD_RUNPATH_SEARCH_PATHS = "$(inherited) @executable_path/Frameworks";
				PRODUCT_BUNDLE_IDENTIFIER = "pe.ourlimm.WebServices-in-iOS";
				PRODUCT_NAME = "$(TARGET_NAME)";
				SWIFT_VERSION = 3.0;
			};
			name = Release;
		};
/* End XCBuildConfiguration section */

/* Begin XCConfigurationList section */
		FB66921C1E84A47700E4327E /* Build configuration list for PBXProject "WebServices in iOS" */ = {
			isa = XCConfigurationList;
			buildConfigurations = (
				FB6692311E84A47800E4327E /* Debug */,
				FB6692321E84A47800E4327E /* Release */,
			);
			defaultConfigurationIsVisible = 0;
			defaultConfigurationName = Release;
		};
		FB6692331E84A47800E4327E /* Build configuration list for PBXNativeTarget "WebServices in iOS" */ = {
			isa = XCConfigurationList;
			buildConfigurations = (
				FB6692341E84A47800E4327E /* Debug */,
				FB6692351E84A47800E4327E /* Release */,
			);
			defaultConfigurationIsVisible = 0;
		};
/* End XCConfigurationList section */
	};
	rootObject = FB6692191E84A47700E4327E /* Project object */;
}
